# This file was autogenerated by Stack.
# You should not edit this file by hand.
# For more information, please see the documentation at:
#   https://docs.haskellstack.org/en/stable/lock_files

packages:
- completed:
    hackage: rss-3000.2.0.6@sha256:ca7d7b9f884d3b2571bc5675846cbf399d936346f2619f0efbe35b26c1a3c61e,1417
    pantry-tree:
      size: 206
      sha256: eef6d4c8641e17ca9cc7a576ba0daa37e5497b569377e1a77490cb0477dc2d06
  original:
    hackage: rss-3000.2.0.6
snapshots:
- completed:
    size: 423850
    url: https://raw.githubusercontent.com/commercialhaskell/stackage-snapshots/master/lts/6/10.yaml
    sha256: 7b37fa4c6735fbd810fff5acf5fdd6065f80908f91138edd767766070717f829
  original: lts-6.10
